// !$*UTF8*$!
{
	archiveVersion = 1;
	classes = {
	};
	objectVersion = 46;
	objects = {

/* Begin PBXBuildFile section */
		D3C0B28E1F6772FA00297155 /* AppDelegate.swift in Sources */ = {isa = PBXBuildFile; fileRef = D3C0B28D1F6772FA00297155 /* AppDelegate.swift */; };
		D3C0B2901F6772FA00297155 /* ViewController.swift in Sources */ = {isa = PBXBuildFile; fileRef = D3C0B28F1F6772FA00297155 /* ViewController.swift */; };
		D3C0B2931F6772FA00297155 /* Main.storyboard in Resources */ = {isa = PBXBuildFile; fileRef = D3C0B2911F6772FA00297155 /* Main.storyboard */; };
		D3C0B2951F6772FA00297155 /* Assets.xcassets in Resources */ = {isa = PBXBuildFile; fileRef = D3C0B2941F6772FA00297155 /* Assets.xcassets */; };
		D3C0B2981F6772FA00297155 /* LaunchScreen.storyboard in Resources */ = {isa = PBXBuildFile; fileRef = D3C0B2961F6772FA00297155 /* LaunchScreen.storyboard */; };
/* End PBXBuildFile section */

/* Begin PBXFileReference section */
		D3C0B28A1F6772FA00297155 /* Silly Song.app */ = {isa = PBXFileReference; explicitFileType = wrapper.application; includeInIndex = 0; path = "Silly Song.app"; sourceTree = BUILT_PRODUCTS_DIR; };
		D3C0B28D1F6772FA00297155 /* AppDelegate.swift */ = {isa = PBXFileReference; lastKnownFileType = sourcecode.swift; path = AppDelegate.swift; sourceTree = "<group>"; };
		D3C0B28F1F6772FA00297155 /* ViewController.swift */ = {isa = PBXFileReference; lastKnownFileType = sourcecode.swift; path = ViewController.swift; sourceTree = "<group>"; };
		D3C0B2921F6772FA00297155 /* Base */ = {isa = PBXFileReference; lastKnownFileType = file.storyboard; name = Base; path = Base.lproj/Main.storyboard; sourceTree = "<group>"; };
		D3C0B2941F6772FA00297155 /* Assets.xcassets */ = {isa = PBXFileReference; lastKnownFileType = folder.assetcatalog; path = Assets.xcassets; sourceTree = "<group>"; };
		D3C0B2971F6772FA00297155 /* Base */ = {isa = PBXFileReference; lastKnownFileType = file.storyboard; name = Base; path = Base.lproj/LaunchScreen.storyboard; sourceTree = "<group>"; };
		D3C0B2991F6772FA00297155 /* Info.plist */ = {isa = PBXFileReference; lastKnownFileType = text.plist.xml; path = Info.plist; sourceTree = "<group>"; };
/* End PBXFileReference section */

/* Begin PBXFrameworksBuildPhase section */
		D3C0B2871F6772FA00297155 /* Frameworks */ = {
			isa = PBXFrameworksBuildPhase;
			buildActionMask = 2147483647;
			files = (
			);
			runOnlyForDeploymentPostprocessing = 0;
		};
/* End PBXFrameworksBuildPhase section */

/* Begin PBXGroup section */
		D3C0B2811F6772FA00297155 = {
			isa = PBXGroup;
			children = (
				D3C0B28C1F6772FA00297155 /* Silly Song */,
				D3C0B28B1F6772FA00297155 /* Products */,
			);
			sourceTree = "<group>";
		};
		D3C0B28B1F6772FA00297155 /* Products */ = {
			isa = PBXGroup;
			children = (
				D3C0B28A1F6772FA00297155 /* Silly Song.app */,
			);
			name = Products;
			sourceTree = "<group>";
		};
		D3C0B28C1F6772FA00297155 /* Silly Song */ = {
			isa = PBXGroup;
			children = (
				D3C0B28D1F6772FA00297155 /* AppDelegate.swift */,
				D3C0B28F1F6772FA00297155 /* ViewController.swift */,
				D3C0B2911F6772FA00297155 /* Main.storyboard */,
				D3C0B2941F6772FA00297155 /* Assets.xcassets */,
				D3C0B2961F6772FA00297155 /* LaunchScreen.storyboard */,
				D3C0B2991F6772FA00297155 /* Info.plist */,
			);
			path = "Silly Song";
			sourceTree = "<group>";
		};
/* End PBXGroup section */

/* Begin PBXNativeTarget section */
		D3C0B2891F6772FA00297155 /* Silly Song */ = {
			isa = PBXNativeTarget;
			buildConfigurationList = D3C0B29C1F6772FA00297155 /* Build configuration list for PBXNativeTarget "Silly Song" */;
			buildPhases = (
				D3C0B2861F6772FA00297155 /* Sources */,
				D3C0B2871F6772FA00297155 /* Frameworks */,
				D3C0B2881F6772FA00297155 /* Resources */,
			);
			buildRules = (
			);
			dependencies = (
			);
			name = "Silly Song";
			productName = "Silly Song";
			productReference = D3C0B28A1F6772FA00297155 /* Silly Song.app */;
			productType = "com.apple.product-type.application";
		};
/* End PBXNativeTarget section */

/* Begin PBXProject section */
		D3C0B2821F6772FA00297155 /* Project object */ = {
			isa = PBXProject;
			attributes = {
				LastSwiftUpdateCheck = 0830;
				LastUpgradeCheck = 0830;
				ORGANIZATIONNAME = Udacity;
				TargetAttributes = {
					D3C0B2891F6772FA00297155 = {
						CreatedOnToolsVersion = 8.3.3;
						ProvisioningStyle = Automatic;
					};
				};
			};
			buildConfigurationList = D3C0B2851F6772FA00297155 /* Build configuration list for PBXProject "Silly Song" */;
			compatibilityVersion = "Xcode 3.2";
			developmentRegion = English;
			hasScannedForEncodings = 0;
			knownRegions = (
				en,
				Base,
			);
			mainGroup = D3C0B2811F6772FA00297155;
			productRefGroup = D3C0B28B1F6772FA00297155 /* Products */;
			projectDirPath = "";
			projectRoot = "";
			targets = (
				D3C0B2891F6772FA00297155 /* Silly Song */,
			);
		};
/* End PBXProject section */

/* Begin PBXResourcesBuildPhase section */
		D3C0B2881F6772FA00297155 /* Resources */ = {
			isa = PBXResourcesBuildPhase;
			buildActionMask = 2147483647;
			files = (
				D3C0B2981F6772FA00297155 /* LaunchScreen.storyboard in Resources */,
				D3C0B2951F6772FA00297155 /* Assets.xcassets in Resources */,
				D3C0B2931F6772FA00297155 /* Main.storyboard in Resources */,
			);
			runOnlyForDeploymentPostprocessing = 0;
		};
/* End PBXResourcesBuildPhase section */

/* Begin PBXSourcesBuildPhase section */
		D3C0B2861F6772FA00297155 /* Sources */ = {
			isa = PBXSourcesBuildPhase;
			buildActionMask = 2147483647;
			files = (
				D3C0B2901F6772FA00297155 /* ViewController.swift in Sources */,
				D3C0B28E1F6772FA00297155 /* AppDelegate.swift in Sources */,
			);
			runOnlyForDeploymentPostprocessing = 0;
		};
/* End PBXSourcesBuildPhase section */

/* Begin PBXVariantGroup section */
		D3C0B2911F6772FA00297155 /* Main.storyboard */ = {
			isa = PBXVariantGroup;
			children = (
				D3C0B2921F6772FA00297155 /* Base */,
			);
			name = Main.storyboard;
			sourceTree = "<group>";
		};
		D3C0B2961F6772FA00297155 /* LaunchScreen.storyboard */ = {
			isa = PBXVariantGroup;
			children = (
				D3C0B2971F6772FA00297155 /* Base */,
			);
			name = LaunchScreen.storyboard;
			sourceTree = "<group>";
		};
/* End PBXVariantGroup section */

/* Begin XCBuildConfiguration section */
		D3C0B29A1F6772FA00297155 /* Debug */ = {
			isa = XCBuildConfiguration;
			buildSettings = {
				ALWAYS_SEARCH_USER_PATHS = NO;
				CLANG_ANALYZER_NONNULL = YES;
				CLANG_ANALYZER_NUMBER_OBJECT_CONVERSION = YES_AGGRESSIVE;
				CLANG_CXX_LANGUAGE_STANDARD = "gnu++0x";
				CLANG_CXX_LIBRARY = "libc++";
				CLANG_ENABLE_MODULES = YES;
				CLANG_ENABLE_OBJC_ARC = YES;
				CLANG_WARN_BOOL_CONVERSION = YES;
				CLANG_WARN_CONSTANT_CONVERSION = YES;
				CLANG_WARN_DIRECT_OBJC_ISA_USAGE = YES_ERROR;
				CLANG_WARN_DOCUMENTATION_COMMENTS = YES;
				CLANG_WARN_EMPTY_BODY = YES;
				CLANG_WARN_ENUM_CONVERSION = YES;
				CLANG_WARN_INFINITE_RECURSION = YES;
				CLANG_WARN_INT_CONVERSION = YES;
				CLANG_WARN_OBJC_ROOT_CLASS = YES_ERROR;
				CLANG_WARN_SUSPICIOUS_MOVE = YES;
				CLANG_WARN_UNREACHABLE_CODE = YES;
				CLANG_WARN__DUPLICATE_METHOD_MATCH = YES;
				"CODE_SIGN_IDENTITY[sdk=iphoneos*]" = "iPhone Developer";
				COPY_PHASE_STRIP = NO;
				DEBUG_INFORMATION_FORMAT = dwarf;
				ENABLE_STRICT_OBJC_MSGSEND = YES;
				ENABLE_TESTABILITY = YES;
				GCC_C_LANGUAGE_STANDARD = gnu99;
				GCC_DYNAMIC_NO_PIC = NO;
				GCC_NO_COMMON_BLOCKS = YES;
				GCC_OPTIMIZATION_LEVEL = 0;
				GCC_PREPROCESSOR_DEFINITIONS = (
					"DEBUG=1",
					"$(inherited)",
				);
				GCC_WARN_64_TO_32_BIT_CONVERSION = YES;
				GCC_WARN_ABOUT_RETURN_TYPE = YES_ERROR;
				GCC_WARN_UNDECLARED_SELECTOR = YES;
				GCC_WARN_UNINITIALIZED_AUTOS = YES_AGGRESSIVE;
				GCC_WARN_UNUSED_FUNCTION = YES;
				GCC_WARN_UNUSED_VARIABLE = YES;
				IPHONEOS_DEPLOYMENT_TARGET = 10.3;
				MTL_ENABLE_DEBUG_INFO = YES;
				ONLY_ACTIVE_ARCH = YES;
				SDKROOT = iphoneos;
				SWIFT_ACTIVE_COMPILATION_CONDITIONS = DEBUG;
				SWIFT_OPTIMIZATION_LEVEL = "-Onone";
				TARGETED_DEVICE_FAMILY = "1,2";
			};
			name = Debug;
		};
		D3C0B29B1F6772FA00297155 /* Release */ = {
			isa = XCBuildConfiguration;
			buildSettings = {
				ALWAYS_SEARCH_USER_PATHS = NO;
				CLANG_ANALYZER_NONNULL = YES;
				CLANG_ANALYZER_NUMBER_OBJECT_CONVERSION = YES_AGGRESSIVE;
				CLANG_CXX_LANGUAGE_STANDARD = "gnu++0x";
				CLANG_CXX_LIBRARY = "libc++";
				CLANG_ENABLE_MODULES = YES;
				CLANG_ENABLE_OBJC_ARC = YES;
				CLANG_WARN_BOOL_CONVERSION = YES;
				CLANG_WARN_CONSTANT_CONVERSION = YES;
				CLANG_WARN_DIRECT_OBJC_ISA_USAGE = YES_ERROR;
				CLANG_WARN_DOCUMENTATION_COMMENTS = YES;
				CLANG_WARN_EMPTY_BODY = YES;
				CLANG_WARN_ENUM_CONVERSION = YES;
				CLANG_WARN_INFINITE_RECURSION = YES;
				CLANG_WARN_INT_CONVERSION = YES;
				CLANG_WARN_OBJC_ROOT_CLASS = YES_ERROR;
				CLANG_WARN_SUSPICIOUS_MOVE = YES;
				CLANG_WARN_UNREACHABLE_CODE = YES;
				CLANG_WARN__DUPLICATE_METHOD_MATCH = YES;
				"CODE_SIGN_IDENTITY[sdk=iphoneos*]" = "iPhone Developer";
				COPY_PHASE_STRIP = NO;
				DEBUG_INFORMATION_FORMAT = "dwarf-with-dsym";
				ENABLE_NS_ASSERTIONS = NO;
				ENABLE_STRICT_OBJC_MSGSEND = YES;
				GCC_C_LANGUAGE_STANDARD = gnu99;
				GCC_NO_COMMON_BLOCKS = YES;
				GCC_WARN_64_TO_32_BIT_CONVERSION = YES;
				GCC_WARN_ABOUT_RETURN_TYPE = YES_ERROR;
				GCC_WARN_UNDECLARED_SELECTOR = YES;
				GCC_WARN_UNINITIALIZED_AUTOS = YES_AGGRESSIVE;
				GCC_WARN_UNUSED_FUNCTION = YES;
				GCC_WARN_UNUSED_VARIABLE = YES;
				IPHONEOS_DEPLOYMENT_TARGET = 10.3;
				MTL_ENABLE_DEBUG_INFO = NO;
				SDKROOT = iphoneos;
				SWIFT_OPTIMIZATION_LEVEL = "-Owholemodule";
				TARGETED_DEVICE_FAMILY = "1,2";
				VALIDATE_PRODUCT = YES;
			};
			name = Release;
		};
		D3C0B29D1F6772FA00297155 /* Debug */ = {
			isa = XCBuildConfiguration;
			buildSettings = {
				ASSETCATALOG_COMPILER_APPICON_NAME = AppIcon;
				INFOPLIST_FILE = "Silly Song/Info.plist";
				LD_RUNPATH_SEARCH_PATHS = "$(inherited) @executable_path/Frameworks";
				PRODUCT_BUNDLE_IDENTIFIER = "com.udacity.Silly-Song";
				PRODUCT_NAME = "$(TARGET_NAME)";
				SWIFT_VERSION = 3.0;
			};
			name = Debug;
		};
		D3C0B29E1F6772FA00297155 /* Release */ = {
			isa = XCBuildConfiguration;
			buildSettings = {
				ASSETCATALOG_COMPILER_APPICON_NAME = AppIcon;
				INFOPLIST_FILE = "Silly Song/Info.plist";
				LD_RUNPATH_SEARCH_PATHS = "$(inherited) @executable_path/Frameworks";
				PRODUCT_BUNDLE_IDENTIFIER = "com.udacity.Silly-Song";
				PRODUCT_NAME = "$(TARGET_NAME)";
				SWIFT_VERSION = 3.0;
			};
			name = Release;
		};
/* End XCBuildConfiguration section */

/* Begin XCConfigurationList section */
		D3C0B2851F6772FA00297155 /* Build configuration list for PBXProject "Silly Song" */ = {
			isa = XCConfigurationList;
			buildConfigurations = (
				D3C0B29A1F6772FA00297155 /* Debug */,
				D3C0B29B1F6772FA00297155 /* Release */,
			);
			defaultConfigurationIsVisible = 0;
			defaultConfigurationName = Release;
		};
		D3C0B29C1F6772FA00297155 /* Build configuration list for PBXNativeTarget "Silly Song" */ = {
			isa = XCConfigurationList;
			buildConfigurations = (
				D3C0B29D1F6772FA00297155 /* Debug */,
				D3C0B29E1F6772FA00297155 /* Release */,
			);
			defaultConfigurationIsVisible = 0;
		};
/* End XCConfigurationList section */
	};
	rootObject = D3C0B2821F6772FA00297155 /* Project object */;
}
